// !$*UTF8*$!
{
	archiveVersion = 1;
	classes = {
	};
	objectVersion = 55;
	objects = {

/* Begin PBXBuildFile section */
		EF0E9AB228E8749700F035D7 /* BaseViewController.swift in Sources */ = {isa = PBXBuildFile; fileRef = EF0E9AB128E8749700F035D7 /* BaseViewController.swift */; };
		EF779DAC28CAB4BD002F9309 /* SecondViewController.swift in Sources */ = {isa = PBXBuildFile; fileRef = EF779DAB28CAB4BD002F9309 /* SecondViewController.swift */; };
		EF779DAE28CAB749002F9309 /* SecondViewCoordinator.swift in Sources */ = {isa = PBXBuildFile; fileRef = EF779DAD28CAB749002F9309 /* SecondViewCoordinator.swift */; };
		EF779DB328CABB57002F9309 /* ThirdViewController.swift in Sources */ = {isa = PBXBuildFile; fileRef = EF779DB228CABB57002F9309 /* ThirdViewController.swift */; };
		EF779DB528CABBED002F9309 /* ThirdViewCoordinator.swift in Sources */ = {isa = PBXBuildFile; fileRef = EF779DB428CABBED002F9309 /* ThirdViewCoordinator.swift */; };
		EF779DB728CB502C002F9309 /* BaseView.swift in Sources */ = {isa = PBXBuildFile; fileRef = EF779DB628CB502C002F9309 /* BaseView.swift */; };
		EFAF3F3F28C7FEB6009F4CFE /* AppDelegate.swift in Sources */ = {isa = PBXBuildFile; fileRef = EFAF3F3E28C7FEB6009F4CFE /* AppDelegate.swift */; };
		EFAF3F4328C7FEB6009F4CFE /* FirstViewController.swift in Sources */ = {isa = PBXBuildFile; fileRef = EFAF3F4228C7FEB6009F4CFE /* FirstViewController.swift */; };
		EFAF3F4828C7FEB8009F4CFE /* Assets.xcassets in Resources */ = {isa = PBXBuildFile; fileRef = EFAF3F4728C7FEB8009F4CFE /* Assets.xcassets */; };
		EFAF3F4B28C7FEB8009F4CFE /* LaunchScreen.storyboard in Resources */ = {isa = PBXBuildFile; fileRef = EFAF3F4928C7FEB8009F4CFE /* LaunchScreen.storyboard */; };
		EFAF3F5928C806CD009F4CFE /* SnapKit in Frameworks */ = {isa = PBXBuildFile; productRef = EFAF3F5828C806CD009F4CFE /* SnapKit */; };
		EFAF3F5C28C809F5009F4CFE /* Coordinator.swift in Sources */ = {isa = PBXBuildFile; fileRef = EFAF3F5B28C809F5009F4CFE /* Coordinator.swift */; };
		EFAF3F5E28C80A2C009F4CFE /* FirstViewCoordinator.swift in Sources */ = {isa = PBXBuildFile; fileRef = EFAF3F5D28C80A2C009F4CFE /* FirstViewCoordinator.swift */; };
		EFAF3F6028C80ADD009F4CFE /* MainCoordinator.swift in Sources */ = {isa = PBXBuildFile; fileRef = EFAF3F5F28C80ADD009F4CFE /* MainCoordinator.swift */; };
		EFAF3F7928C81326009F4CFE /* RxCocoa in Frameworks */ = {isa = PBXBuildFile; productRef = EFAF3F7828C81326009F4CFE /* RxCocoa */; };
		EFAF3F7B28C81326009F4CFE /* RxSwift in Frameworks */ = {isa = PBXBuildFile; productRef = EFAF3F7A28C81326009F4CFE /* RxSwift */; };
		EFAF3F7E28C8AECB009F4CFE /* RxGesture in Frameworks */ = {isa = PBXBuildFile; productRef = EFAF3F7D28C8AECB009F4CFE /* RxGesture */; };
/* End PBXBuildFile section */

/* Begin PBXFileReference section */
		EF0E9AB128E8749700F035D7 /* BaseViewController.swift */ = {isa = PBXFileReference; lastKnownFileType = sourcecode.swift; path = BaseViewController.swift; sourceTree = "<group>"; };
		EF779DAB28CAB4BD002F9309 /* SecondViewController.swift */ = {isa = PBXFileReference; lastKnownFileType = sourcecode.swift; path = SecondViewController.swift; sourceTree = "<group>"; };
		EF779DAD28CAB749002F9309 /* SecondViewCoordinator.swift */ = {isa = PBXFileReference; lastKnownFileType = sourcecode.swift; path = SecondViewCoordinator.swift; sourceTree = "<group>"; };
		EF779DB228CABB57002F9309 /* ThirdViewController.swift */ = {isa = PBXFileReference; lastKnownFileType = sourcecode.swift; path = ThirdViewController.swift; sourceTree = "<group>"; };
		EF779DB428CABBED002F9309 /* ThirdViewCoordinator.swift */ = {isa = PBXFileReference; lastKnownFileType = sourcecode.swift; path = ThirdViewCoordinator.swift; sourceTree = "<group>"; };
		EF779DB628CB502C002F9309 /* BaseView.swift */ = {isa = PBXFileReference; lastKnownFileType = sourcecode.swift; path = BaseView.swift; sourceTree = "<group>"; };
		EFAF3F3B28C7FEB6009F4CFE /* CoordinatorsBasicExample.app */ = {isa = PBXFileReference; explicitFileType = wrapper.application; includeInIndex = 0; path = CoordinatorsBasicExample.app; sourceTree = BUILT_PRODUCTS_DIR; };
		EFAF3F3E28C7FEB6009F4CFE /* AppDelegate.swift */ = {isa = PBXFileReference; lastKnownFileType = sourcecode.swift; path = AppDelegate.swift; sourceTree = "<group>"; };
		EFAF3F4228C7FEB6009F4CFE /* FirstViewController.swift */ = {isa = PBXFileReference; lastKnownFileType = sourcecode.swift; path = FirstViewController.swift; sourceTree = "<group>"; };
		EFAF3F4728C7FEB8009F4CFE /* Assets.xcassets */ = {isa = PBXFileReference; lastKnownFileType = folder.assetcatalog; path = Assets.xcassets; sourceTree = "<group>"; };
		EFAF3F4A28C7FEB8009F4CFE /* Base */ = {isa = PBXFileReference; lastKnownFileType = file.storyboard; name = Base; path = Base.lproj/LaunchScreen.storyboard; sourceTree = "<group>"; };
		EFAF3F4C28C7FEB8009F4CFE /* Info.plist */ = {isa = PBXFileReference; lastKnownFileType = text.plist.xml; path = Info.plist; sourceTree = "<group>"; };
		EFAF3F5B28C809F5009F4CFE /* Coordinator.swift */ = {isa = PBXFileReference; lastKnownFileType = sourcecode.swift; path = Coordinator.swift; sourceTree = "<group>"; };
		EFAF3F5D28C80A2C009F4CFE /* FirstViewCoordinator.swift */ = {isa = PBXFileReference; lastKnownFileType = sourcecode.swift; path = FirstViewCoordinator.swift; sourceTree = "<group>"; };
		EFAF3F5F28C80ADD009F4CFE /* MainCoordinator.swift */ = {isa = PBXFileReference; lastKnownFileType = sourcecode.swift; path = MainCoordinator.swift; sourceTree = "<group>"; };
/* End PBXFileReference section */

/* Begin PBXFrameworksBuildPhase section */
		EFAF3F3828C7FEB6009F4CFE /* Frameworks */ = {
			isa = PBXFrameworksBuildPhase;
			buildActionMask = 2147483647;
			files = (
				EFAF3F7B28C81326009F4CFE /* RxSwift in Frameworks */,
				EFAF3F7928C81326009F4CFE /* RxCocoa in Frameworks */,
				EFAF3F7E28C8AECB009F4CFE /* RxGesture in Frameworks */,
				EFAF3F5928C806CD009F4CFE /* SnapKit in Frameworks */,
			);
			runOnlyForDeploymentPostprocessing = 0;
		};
/* End PBXFrameworksBuildPhase section */

/* Begin PBXGroup section */
		EF779DA628CAB23F002F9309 /* Coordinator */ = {
			isa = PBXGroup;
			children = (
				EFAF3F5F28C80ADD009F4CFE /* MainCoordinator.swift */,
			);
			path = Coordinator;
			sourceTree = "<group>";
		};
		EF779DA828CAB38B002F9309 /* SecondView */ = {
			isa = PBXGroup;
			children = (
				EF779DAB28CAB4BD002F9309 /* SecondViewController.swift */,
				EF779DAD28CAB749002F9309 /* SecondViewCoordinator.swift */,
			);
			path = SecondView;
			sourceTree = "<group>";
		};
		EF779DAF28CABA77002F9309 /* ThirdView */ = {
			isa = PBXGroup;
			children = (
				EF779DB228CABB57002F9309 /* ThirdViewController.swift */,
				EF779DB428CABBED002F9309 /* ThirdViewCoordinator.swift */,
			);
			path = ThirdView;
			sourceTree = "<group>";
		};
		EF779DB828CB5436002F9309 /* BaseView */ = {
			isa = PBXGroup;
			children = (
				EF779DB628CB502C002F9309 /* BaseView.swift */,
				EF0E9AB128E8749700F035D7 /* BaseViewController.swift */,
			);
			path = BaseView;
			sourceTree = "<group>";
		};
		EFAF3F3228C7FEB6009F4CFE = {
			isa = PBXGroup;
			children = (
				EFAF3F3D28C7FEB6009F4CFE /* CoordinatorsBasicExample */,
				EFAF3F3C28C7FEB6009F4CFE /* Products */,
			);
			sourceTree = "<group>";
		};
		EFAF3F3C28C7FEB6009F4CFE /* Products */ = {
			isa = PBXGroup;
			children = (
				EFAF3F3B28C7FEB6009F4CFE /* CoordinatorsBasicExample.app */,
			);
			name = Products;
			sourceTree = "<group>";
		};
		EFAF3F3D28C7FEB6009F4CFE /* CoordinatorsBasicExample */ = {
			isa = PBXGroup;
			children = (
				EFAF3F3E28C7FEB6009F4CFE /* AppDelegate.swift */,
				EFAF3F5628C8061A009F4CFE /* Files */,
				EFAF3F5A28C809D8009F4CFE /* Protocols */,
				EF779DA628CAB23F002F9309 /* Coordinator */,
				EFAF3F5228C8056E009F4CFE /* Views */,
			);
			path = CoordinatorsBasicExample;
			sourceTree = "<group>";
		};
		EFAF3F5228C8056E009F4CFE /* Views */ = {
			isa = PBXGroup;
			children = (
				EF779DB828CB5436002F9309 /* BaseView */,
				EFAF3F5328C8059F009F4CFE /* FirstView */,
				EF779DA828CAB38B002F9309 /* SecondView */,
				EF779DAF28CABA77002F9309 /* ThirdView */,
			);
			path = Views;
			sourceTree = "<group>";
		};
		EFAF3F5328C8059F009F4CFE /* FirstView */ = {
			isa = PBXGroup;
			children = (
				EFAF3F4228C7FEB6009F4CFE /* FirstViewController.swift */,
				EFAF3F5D28C80A2C009F4CFE /* FirstViewCoordinator.swift */,
			);
			path = FirstView;
			sourceTree = "<group>";
		};
		EFAF3F5628C8061A009F4CFE /* Files */ = {
			isa = PBXGroup;
			children = (
				EFAF3F4728C7FEB8009F4CFE /* Assets.xcassets */,
				EFAF3F4928C7FEB8009F4CFE /* LaunchScreen.storyboard */,
				EFAF3F4C28C7FEB8009F4CFE /* Info.plist */,
			);
			name = Files;
			sourceTree = "<group>";
		};
		EFAF3F5A28C809D8009F4CFE /* Protocols */ = {
			isa = PBXGroup;
			children = (
				EFAF3F5B28C809F5009F4CFE /* Coordinator.swift */,
			);
			path = Protocols;
			sourceTree = "<group>";
		};
/* End PBXGroup section */

/* Begin PBXNativeTarget section */
		EFAF3F3A28C7FEB6009F4CFE /* CoordinatorsBasicExample */ = {
			isa = PBXNativeTarget;
			buildConfigurationList = EFAF3F4F28C7FEB8009F4CFE /* Build configuration list for PBXNativeTarget "CoordinatorsBasicExample" */;
			buildPhases = (
				EFAF3F3728C7FEB6009F4CFE /* Sources */,
				EFAF3F3828C7FEB6009F4CFE /* Frameworks */,
				EFAF3F3928C7FEB6009F4CFE /* Resources */,
			);
			buildRules = (
			);
			dependencies = (
			);
			name = CoordinatorsBasicExample;
			packageProductDependencies = (
				EFAF3F5828C806CD009F4CFE /* SnapKit */,
				EFAF3F7828C81326009F4CFE /* RxCocoa */,
				EFAF3F7A28C81326009F4CFE /* RxSwift */,
				EFAF3F7D28C8AECB009F4CFE /* RxGesture */,
			);
			productName = CoordinatorsBasicExample;
			productReference = EFAF3F3B28C7FEB6009F4CFE /* CoordinatorsBasicExample.app */;
			productType = "com.apple.product-type.application";
		};
/* End PBXNativeTarget section */

/* Begin PBXProject section */
		EFAF3F3328C7FEB6009F4CFE /* Project object */ = {
			isa = PBXProject;
			attributes = {
				BuildIndependentTargetsInParallel = 1;
				LastSwiftUpdateCheck = 1340;
				LastUpgradeCheck = 1340;
				TargetAttributes = {
					EFAF3F3A28C7FEB6009F4CFE = {
						CreatedOnToolsVersion = 13.4.1;
					};
				};
			};
			buildConfigurationList = EFAF3F3628C7FEB6009F4CFE /* Build configuration list for PBXProject "CoordinatorsBasicExample" */;
			compatibilityVersion = "Xcode 13.0";
			developmentRegion = en;
			hasScannedForEncodings = 0;
			knownRegions = (
				en,
				Base,
			);
			mainGroup = EFAF3F3228C7FEB6009F4CFE;
			packageReferences = (
				EFAF3F5728C806CD009F4CFE /* XCRemoteSwiftPackageReference "SnapKit" */,
				EFAF3F7728C81326009F4CFE /* XCRemoteSwiftPackageReference "RxSwift" */,
				EFAF3F7C28C8AECB009F4CFE /* XCRemoteSwiftPackageReference "RxGesture" */,
			);
			productRefGroup = EFAF3F3C28C7FEB6009F4CFE /* Products */;
			projectDirPath = "";
			projectRoot = "";
			targets = (
				EFAF3F3A28C7FEB6009F4CFE /* CoordinatorsBasicExample */,
			);
		};
/* End PBXProject section */

/* Begin PBXResourcesBuildPhase section */
		EFAF3F3928C7FEB6009F4CFE /* Resources */ = {
			isa = PBXResourcesBuildPhase;
			buildActionMask = 2147483647;
			files = (
				EFAF3F4B28C7FEB8009F4CFE /* LaunchScreen.storyboard in Resources */,
				EFAF3F4828C7FEB8009F4CFE /* Assets.xcassets in Resources */,
			);
			runOnlyForDeploymentPostprocessing = 0;
		};
/* End PBXResourcesBuildPhase section */

/* Begin PBXSourcesBuildPhase section */
		EFAF3F3728C7FEB6009F4CFE /* Sources */ = {
			isa = PBXSourcesBuildPhase;
			buildActionMask = 2147483647;
			files = (
				EF779DAC28CAB4BD002F9309 /* SecondViewController.swift in Sources */,
				EF779DB728CB502C002F9309 /* BaseView.swift in Sources */,
				EFAF3F5C28C809F5009F4CFE /* Coordinator.swift in Sources */,
				EFAF3F6028C80ADD009F4CFE /* MainCoordinator.swift in Sources */,
				EF0E9AB228E8749700F035D7 /* BaseViewController.swift in Sources */,
				EFAF3F4328C7FEB6009F4CFE /* FirstViewController.swift in Sources */,
				EF779DB528CABBED002F9309 /* ThirdViewCoordinator.swift in Sources */,
				EFAF3F3F28C7FEB6009F4CFE /* AppDelegate.swift in Sources */,
				EF779DB328CABB57002F9309 /* ThirdViewController.swift in Sources */,
				EF779DAE28CAB749002F9309 /* SecondViewCoordinator.swift in Sources */,
				EFAF3F5E28C80A2C009F4CFE /* FirstViewCoordinator.swift in Sources */,
			);
			runOnlyForDeploymentPostprocessing = 0;
		};
/* End PBXSourcesBuildPhase section */

/* Begin PBXVariantGroup section */
		EFAF3F4928C7FEB8009F4CFE /* LaunchScreen.storyboard */ = {
			isa = PBXVariantGroup;
			children = (
				EFAF3F4A28C7FEB8009F4CFE /* Base */,
			);
			name = LaunchScreen.storyboard;
			sourceTree = "<group>";
		};
/* End PBXVariantGroup section */

/* Begin XCBuildConfiguration section */
		EFAF3F4D28C7FEB8009F4CFE /* Debug */ = {
			isa = XCBuildConfiguration;
			buildSettings = {
				ALWAYS_SEARCH_USER_PATHS = NO;
				CLANG_ANALYZER_NONNULL = YES;
				CLANG_ANALYZER_NUMBER_OBJECT_CONVERSION = YES_AGGRESSIVE;
				CLANG_CXX_LANGUAGE_STANDARD = "gnu++17";
				CLANG_ENABLE_MODULES = YES;
				CLANG_ENABLE_OBJC_ARC = YES;
				CLANG_ENABLE_OBJC_WEAK = YES;
				CLANG_WARN_BLOCK_CAPTURE_AUTORELEASING = YES;
				CLANG_WARN_BOOL_CONVERSION = YES;
				CLANG_WARN_COMMA = YES;
				CLANG_WARN_CONSTANT_CONVERSION = YES;
				CLANG_WARN_DEPRECATED_OBJC_IMPLEMENTATIONS = YES;
				CLANG_WARN_DIRECT_OBJC_ISA_USAGE = YES_ERROR;
				CLANG_WARN_DOCUMENTATION_COMMENTS = YES;
				CLANG_WARN_EMPTY_BODY = YES;
				CLANG_WARN_ENUM_CONVERSION = YES;
				CLANG_WARN_INFINITE_RECURSION = YES;
				CLANG_WARN_INT_CONVERSION = YES;
				CLANG_WARN_NON_LITERAL_NULL_CONVERSION = YES;
				CLANG_WARN_OBJC_IMPLICIT_RETAIN_SELF = YES;
				CLANG_WARN_OBJC_LITERAL_CONVERSION = YES;
				CLANG_WARN_OBJC_ROOT_CLASS = YES_ERROR;
				CLANG_WARN_QUOTED_INCLUDE_IN_FRAMEWORK_HEADER = YES;
				CLANG_WARN_RANGE_LOOP_ANALYSIS = YES;
				CLANG_WARN_STRICT_PROTOTYPES = YES;
				CLANG_WARN_SUSPICIOUS_MOVE = YES;
				CLANG_WARN_UNGUARDED_AVAILABILITY = YES_AGGRESSIVE;
				CLANG_WARN_UNREACHABLE_CODE = YES;
				CLANG_WARN__DUPLICATE_METHOD_MATCH = YES;
				COPY_PHASE_STRIP = NO;
				DEBUG_INFORMATION_FORMAT = dwarf;
				ENABLE_STRICT_OBJC_MSGSEND = YES;
				ENABLE_TESTABILITY = YES;
				GCC_C_LANGUAGE_STANDARD = gnu11;
				GCC_DYNAMIC_NO_PIC = NO;
				GCC_NO_COMMON_BLOCKS = YES;
				GCC_OPTIMIZATION_LEVEL = 0;
				GCC_PREPROCESSOR_DEFINITIONS = (
					"DEBUG=1",
					"$(inherited)",
				);
				GCC_WARN_64_TO_32_BIT_CONVERSION = YES;
				GCC_WARN_ABOUT_RETURN_TYPE = YES_ERROR;
				GCC_WARN_UNDECLARED_SELECTOR = YES;
				GCC_WARN_UNINITIALIZED_AUTOS = YES_AGGRESSIVE;
				GCC_WARN_UNUSED_FUNCTION = YES;
				GCC_WARN_UNUSED_VARIABLE = YES;
				IPHONEOS_DEPLOYMENT_TARGET = 15.5;
				MTL_ENABLE_DEBUG_INFO = INCLUDE_SOURCE;
				MTL_FAST_MATH = YES;
				ONLY_ACTIVE_ARCH = YES;
				SDKROOT = iphoneos;
				SWIFT_ACTIVE_COMPILATION_CONDITIONS = DEBUG;
				SWIFT_OPTIMIZATION_LEVEL = "-Onone";
			};
			name = Debug;
		};
		EFAF3F4E28C7FEB8009F4CFE /* Release */ = {
			isa = XCBuildConfiguration;
			buildSettings = {
				ALWAYS_SEARCH_USER_PATHS = NO;
				CLANG_ANALYZER_NONNULL = YES;
				CLANG_ANALYZER_NUMBER_OBJECT_CONVERSION = YES_AGGRESSIVE;
				CLANG_CXX_LANGUAGE_STANDARD = "gnu++17";
				CLANG_ENABLE_MODULES = YES;
				CLANG_ENABLE_OBJC_ARC = YES;
				CLANG_ENABLE_OBJC_WEAK = YES;
				CLANG_WARN_BLOCK_CAPTURE_AUTORELEASING = YES;
				CLANG_WARN_BOOL_CONVERSION = YES;
				CLANG_WARN_COMMA = YES;
				CLANG_WARN_CONSTANT_CONVERSION = YES;
				CLANG_WARN_DEPRECATED_OBJC_IMPLEMENTATIONS = YES;
				CLANG_WARN_DIRECT_OBJC_ISA_USAGE = YES_ERROR;
				CLANG_WARN_DOCUMENTATION_COMMENTS = YES;
				CLANG_WARN_EMPTY_BODY = YES;
				CLANG_WARN_ENUM_CONVERSION = YES;
				CLANG_WARN_INFINITE_RECURSION = YES;
				CLANG_WARN_INT_CONVERSION = YES;
				CLANG_WARN_NON_LITERAL_NULL_CONVERSION = YES;
				CLANG_WARN_OBJC_IMPLICIT_RETAIN_SELF = YES;
				CLANG_WARN_OBJC_LITERAL_CONVERSION = YES;
				CLANG_WARN_OBJC_ROOT_CLASS = YES_ERROR;
				CLANG_WARN_QUOTED_INCLUDE_IN_FRAMEWORK_HEADER = YES;
				CLANG_WARN_RANGE_LOOP_ANALYSIS = YES;
				CLANG_WARN_STRICT_PROTOTYPES = YES;
				CLANG_WARN_SUSPICIOUS_MOVE = YES;
				CLANG_WARN_UNGUARDED_AVAILABILITY = YES_AGGRESSIVE;
				CLANG_WARN_UNREACHABLE_CODE = YES;
				CLANG_WARN__DUPLICATE_METHOD_MATCH = YES;
				COPY_PHASE_STRIP = NO;
				DEBUG_INFORMATION_FORMAT = "dwarf-with-dsym";
				ENABLE_NS_ASSERTIONS = NO;
				ENABLE_STRICT_OBJC_MSGSEND = YES;
				GCC_C_LANGUAGE_STANDARD = gnu11;
				GCC_NO_COMMON_BLOCKS = YES;
				GCC_WARN_64_TO_32_BIT_CONVERSION = YES;
				GCC_WARN_ABOUT_RETURN_TYPE = YES_ERROR;
				GCC_WARN_UNDECLARED_SELECTOR = YES;
				GCC_WARN_UNINITIALIZED_AUTOS = YES_AGGRESSIVE;
				GCC_WARN_UNUSED_FUNCTION = YES;
				GCC_WARN_UNUSED_VARIABLE = YES;
				IPHONEOS_DEPLOYMENT_TARGET = 15.5;
				MTL_ENABLE_DEBUG_INFO = NO;
				MTL_FAST_MATH = YES;
				SDKROOT = iphoneos;
				SWIFT_COMPILATION_MODE = wholemodule;
				SWIFT_OPTIMIZATION_LEVEL = "-O";
				VALIDATE_PRODUCT = YES;
			};
			name = Release;
		};
		EFAF3F5028C7FEB8009F4CFE /* Debug */ = {
			isa = XCBuildConfiguration;
			buildSettings = {
				ASSETCATALOG_COMPILER_APPICON_NAME = AppIcon;
				ASSETCATALOG_COMPILER_GLOBAL_ACCENT_COLOR_NAME = AccentColor;
				CODE_SIGN_STYLE = Automatic;
				CURRENT_PROJECT_VERSION = 1;
				DEVELOPMENT_TEAM = 4KC2368UR2;
				GENERATE_INFOPLIST_FILE = YES;
				INFOPLIST_FILE = CoordinatorsBasicExample/Info.plist;
				INFOPLIST_KEY_UIApplicationSupportsIndirectInputEvents = YES;
				INFOPLIST_KEY_UILaunchStoryboardName = LaunchScreen;
				INFOPLIST_KEY_UISupportedInterfaceOrientations_iPad = "UIInterfaceOrientationPortrait UIInterfaceOrientationPortraitUpsideDown UIInterfaceOrientationLandscapeLeft UIInterfaceOrientationLandscapeRight";
				INFOPLIST_KEY_UISupportedInterfaceOrientations_iPhone = "UIInterfaceOrientationPortrait UIInterfaceOrientationLandscapeLeft UIInterfaceOrientationLandscapeRight";
				LD_RUNPATH_SEARCH_PATHS = (
					"$(inherited)",
					"@executable_path/Frameworks",
				);
				MARKETING_VERSION = 1.0;
				PRODUCT_BUNDLE_IDENTIFIER = com.diego.llopis.CoordinatorsBasicExample;
				PRODUCT_NAME = "$(TARGET_NAME)";
				SWIFT_EMIT_LOC_STRINGS = YES;
				SWIFT_VERSION = 5.0;
				TARGETED_DEVICE_FAMILY = "1,2";
			};
			name = Debug;
		};
		EFAF3F5128C7FEB8009F4CFE /* Release */ = {
			isa = XCBuildConfiguration;
			buildSettings = {
				ASSETCATALOG_COMPILER_APPICON_NAME = AppIcon;
				ASSETCATALOG_COMPILER_GLOBAL_ACCENT_COLOR_NAME = AccentColor;
				CODE_SIGN_STYLE = Automatic;
				CURRENT_PROJECT_VERSION = 1;
				DEVELOPMENT_TEAM = 4KC2368UR2;
				GENERATE_INFOPLIST_FILE = YES;
				INFOPLIST_FILE = CoordinatorsBasicExample/Info.plist;
				INFOPLIST_KEY_UIApplicationSupportsIndirectInputEvents = YES;
				INFOPLIST_KEY_UILaunchStoryboardName = LaunchScreen;
				INFOPLIST_KEY_UISupportedInterfaceOrientations_iPad = "UIInterfaceOrientationPortrait UIInterfaceOrientationPortraitUpsideDown UIInterfaceOrientationLandscapeLeft UIInterfaceOrientationLandscapeRight";
				INFOPLIST_KEY_UISupportedInterfaceOrientations_iPhone = "UIInterfaceOrientationPortrait UIInterfaceOrientationLandscapeLeft UIInterfaceOrientationLandscapeRight";
				LD_RUNPATH_SEARCH_PATHS = (
					"$(inherited)",
					"@executable_path/Frameworks",
				);
				MARKETING_VERSION = 1.0;
				PRODUCT_BUNDLE_IDENTIFIER = com.diego.llopis.CoordinatorsBasicExample;
				PRODUCT_NAME = "$(TARGET_NAME)";
				SWIFT_EMIT_LOC_STRINGS = YES;
				SWIFT_VERSION = 5.0;
				TARGETED_DEVICE_FAMILY = "1,2";
			};
			name = Release;
		};
/* End XCBuildConfiguration section */

/* Begin XCConfigurationList section */
		EFAF3F3628C7FEB6009F4CFE /* Build configuration list for PBXProject "CoordinatorsBasicExample" */ = {
			isa = XCConfigurationList;
			buildConfigurations = (
				EFAF3F4D28C7FEB8009F4CFE /* Debug */,
				EFAF3F4E28C7FEB8009F4CFE /* Release */,
			);
			defaultConfigurationIsVisible = 0;
			defaultConfigurationName = Release;
		};
		EFAF3F4F28C7FEB8009F4CFE /* Build configuration list for PBXNativeTarget "CoordinatorsBasicExample" */ = {
			isa = XCConfigurationList;
			buildConfigurations = (
				EFAF3F5028C7FEB8009F4CFE /* Debug */,
				EFAF3F5128C7FEB8009F4CFE /* Release */,
			);
			defaultConfigurationIsVisible = 0;
			defaultConfigurationName = Release;
		};
/* End XCConfigurationList section */

/* Begin XCRemoteSwiftPackageReference section */
		EFAF3F5728C806CD009F4CFE /* XCRemoteSwiftPackageReference "SnapKit" */ = {
			isa = XCRemoteSwiftPackageReference;
			repositoryURL = "https://github.com/SnapKit/SnapKit.git";
			requirement = {
				kind = exactVersion;
				version = 5.6.0;
			};
		};
		EFAF3F7728C81326009F4CFE /* XCRemoteSwiftPackageReference "RxSwift" */ = {
			isa = XCRemoteSwiftPackageReference;
			repositoryURL = "https://github.com/ReactiveX/RxSwift.git";
			requirement = {
				kind = exactVersion;
				version = 6.5.0;
			};
		};
		EFAF3F7C28C8AECB009F4CFE /* XCRemoteSwiftPackageReference "RxGesture" */ = {
			isa = XCRemoteSwiftPackageReference;
			repositoryURL = "https://github.com/RxSwiftCommunity/RxGesture.git";
			requirement = {
				kind = exactVersion;
				version = 4.0.4;
			};
		};
/* End XCRemoteSwiftPackageReference section */

/* Begin XCSwiftPackageProductDependency section */
		EFAF3F5828C806CD009F4CFE /* SnapKit */ = {
			isa = XCSwiftPackageProductDependency;
			package = EFAF3F5728C806CD009F4CFE /* XCRemoteSwiftPackageReference "SnapKit" */;
			productName = SnapKit;
		};
		EFAF3F7828C81326009F4CFE /* RxCocoa */ = {
			isa = XCSwiftPackageProductDependency;
			package = EFAF3F7728C81326009F4CFE /* XCRemoteSwiftPackageReference "RxSwift" */;
			productName = RxCocoa;
		};
		EFAF3F7A28C81326009F4CFE /* RxSwift */ = {
			isa = XCSwiftPackageProductDependency;
			package = EFAF3F7728C81326009F4CFE /* XCRemoteSwiftPackageReference "RxSwift" */;
			productName = RxSwift;
		};
		EFAF3F7D28C8AECB009F4CFE /* RxGesture */ = {
			isa = XCSwiftPackageProductDependency;
			package = EFAF3F7C28C8AECB009F4CFE /* XCRemoteSwiftPackageReference "RxGesture" */;
			productName = RxGesture;
		};
/* End XCSwiftPackageProductDependency section */
	};
	rootObject = EFAF3F3328C7FEB6009F4CFE /* Project object */;
}
